// !$*UTF8*$!
{
	archiveVersion = 1;
	classes = {
	};
	objectVersion = 50;
	objects = {

/* Begin PBXBuildFile section */
		6653999520BFA1DD00CE9A63 /* AppDelegate.m in Sources */ = {isa = PBXBuildFile; fileRef = 6653999420BFA1DD00CE9A63 /* AppDelegate.m */; };
		6653999820BFA1DD00CE9A63 /* ViewController.m in Sources */ = {isa = PBXBuildFile; fileRef = 6653999720BFA1DD00CE9A63 /* ViewController.m */; };
		6653999B20BFA1DD00CE9A63 /* Main.storyboard in Resources */ = {isa = PBXBuildFile; fileRef = 6653999920BFA1DD00CE9A63 /* Main.storyboard */; };
		6653999D20BFA1E000CE9A63 /* Assets.xcassets in Resources */ = {isa = PBXBuildFile; fileRef = 6653999C20BFA1E000CE9A63 /* Assets.xcassets */; };
		665399A020BFA1E000CE9A63 /* LaunchScreen.storyboard in Resources */ = {isa = PBXBuildFile; fileRef = 6653999E20BFA1E000CE9A63 /* LaunchScreen.storyboard */; };
		665399A320BFA1E000CE9A63 /* main.m in Sources */ = {isa = PBXBuildFile; fileRef = 665399A220BFA1E000CE9A63 /* main.m */; };
/* End PBXBuildFile section */

/* Begin PBXFileReference section */
		6653999020BFA1DD00CE9A63 /* testshare.app */ = {isa = PBXFileReference; explicitFileType = wrapper.application; includeInIndex = 0; path = testshare.app; sourceTree = BUILT_PRODUCTS_DIR; };
		6653999320BFA1DD00CE9A63 /* AppDelegate.h */ = {isa = PBXFileReference; lastKnownFileType = sourcecode.c.h; path = AppDelegate.h; sourceTree = "<group>"; };
		6653999420BFA1DD00CE9A63 /* AppDelegate.m */ = {isa = PBXFileReference; lastKnownFileType = sourcecode.c.objc; path = AppDelegate.m; sourceTree = "<group>"; };
		6653999620BFA1DD00CE9A63 /* ViewController.h */ = {isa = PBXFileReference; lastKnownFileType = sourcecode.c.h; path = ViewController.h; sourceTree = "<group>"; };
		6653999720BFA1DD00CE9A63 /* ViewController.m */ = {isa = PBXFileReference; lastKnownFileType = sourcecode.c.objc; path = ViewController.m; sourceTree = "<group>"; };
		6653999A20BFA1DD00CE9A63 /* Base */ = {isa = PBXFileReference; lastKnownFileType = file.storyboard; name = Base; path = Base.lproj/Main.storyboard; sourceTree = "<group>"; };
		6653999C20BFA1E000CE9A63 /* Assets.xcassets */ = {isa = PBXFileReference; lastKnownFileType = folder.assetcatalog; path = Assets.xcassets; sourceTree = "<group>"; };
		6653999F20BFA1E000CE9A63 /* Base */ = {isa = PBXFileReference; lastKnownFileType = file.storyboard; name = Base; path = Base.lproj/LaunchScreen.storyboard; sourceTree = "<group>"; };
		665399A120BFA1E000CE9A63 /* Info.plist */ = {isa = PBXFileReference; lastKnownFileType = text.plist.xml; path = Info.plist; sourceTree = "<group>"; };
		665399A220BFA1E000CE9A63 /* main.m */ = {isa = PBXFileReference; lastKnownFileType = sourcecode.c.objc; path = main.m; sourceTree = "<group>"; };
/* End PBXFileReference section */

/* Begin PBXFrameworksBuildPhase section */
		6653998D20BFA1DD00CE9A63 /* Frameworks */ = {
			isa = PBXFrameworksBuildPhase;
			buildActionMask = 2147483647;
			files = (
			);
			runOnlyForDeploymentPostprocessing = 0;
		};
/* End PBXFrameworksBuildPhase section */

/* Begin PBXGroup section */
		6653998720BFA1DD00CE9A63 = {
			isa = PBXGroup;
			children = (
				6653999220BFA1DD00CE9A63 /* testshare */,
				6653999120BFA1DD00CE9A63 /* Products */,
			);
			sourceTree = "<group>";
		};
		6653999120BFA1DD00CE9A63 /* Products */ = {
			isa = PBXGroup;
			children = (
				6653999020BFA1DD00CE9A63 /* testshare.app */,
			);
			name = Products;
			sourceTree = "<group>";
		};
		6653999220BFA1DD00CE9A63 /* testshare */ = {
			isa = PBXGroup;
			children = (
				6653999320BFA1DD00CE9A63 /* AppDelegate.h */,
				6653999420BFA1DD00CE9A63 /* AppDelegate.m */,
				6653999620BFA1DD00CE9A63 /* ViewController.h */,
				6653999720BFA1DD00CE9A63 /* ViewController.m */,
				6653999920BFA1DD00CE9A63 /* Main.storyboard */,
				6653999C20BFA1E000CE9A63 /* Assets.xcassets */,
				6653999E20BFA1E000CE9A63 /* LaunchScreen.storyboard */,
				665399A120BFA1E000CE9A63 /* Info.plist */,
				665399A220BFA1E000CE9A63 /* main.m */,
			);
			path = testshare;
			sourceTree = "<group>";
		};
/* End PBXGroup section */

/* Begin PBXNativeTarget section */
		6653998F20BFA1DD00CE9A63 /* testshare */ = {
			isa = PBXNativeTarget;
			buildConfigurationList = 665399A620BFA1E000CE9A63 /* Build configuration list for PBXNativeTarget "testshare" */;
			buildPhases = (
				6653998C20BFA1DD00CE9A63 /* Sources */,
				6653998D20BFA1DD00CE9A63 /* Frameworks */,
				6653998E20BFA1DD00CE9A63 /* Resources */,
			);
			buildRules = (
			);
			dependencies = (
			);
			name = testshare;
			productName = testshare;
			productReference = 6653999020BFA1DD00CE9A63 /* testshare.app */;
			productType = "com.apple.product-type.application";
		};
/* End PBXNativeTarget section */

/* Begin PBXProject section */
		6653998820BFA1DD00CE9A63 /* Project object */ = {
			isa = PBXProject;
			attributes = {
				LastUpgradeCheck = 0930;
				ORGANIZATIONNAME = lisidi.org;
				TargetAttributes = {
					6653998F20BFA1DD00CE9A63 = {
						CreatedOnToolsVersion = 9.3.1;
					};
				};
			};
			buildConfigurationList = 6653998B20BFA1DD00CE9A63 /* Build configuration list for PBXProject "testshare" */;
			compatibilityVersion = "Xcode 9.3";
			developmentRegion = en;
			hasScannedForEncodings = 0;
			knownRegions = (
				en,
				Base,
			);
			mainGroup = 6653998720BFA1DD00CE9A63;
			productRefGroup = 6653999120BFA1DD00CE9A63 /* Products */;
			projectDirPath = "";
			projectRoot = "";
			targets = (
				6653998F20BFA1DD00CE9A63 /* testshare */,
			);
		};
/* End PBXProject section */

/* Begin PBXResourcesBuildPhase section */
		6653998E20BFA1DD00CE9A63 /* Resources */ = {
			isa = PBXResourcesBuildPhase;
			buildActionMask = 2147483647;
			files = (
				665399A020BFA1E000CE9A63 /* LaunchScreen.storyboard in Resources */,
				6653999D20BFA1E000CE9A63 /* Assets.xcassets in Resources */,
				6653999B20BFA1DD00CE9A63 /* Main.storyboard in Resources */,
			);
			runOnlyForDeploymentPostprocessing = 0;
		};
/* End PBXResourcesBuildPhase section */

/* Begin PBXSourcesBuildPhase section */
		6653998C20BFA1DD00CE9A63 /* Sources */ = {
			isa = PBXSourcesBuildPhase;
			buildActionMask = 2147483647;
			files = (
				6653999820BFA1DD00CE9A63 /* ViewController.m in Sources */,
				665399A320BFA1E000CE9A63 /* main.m in Sources */,
				6653999520BFA1DD00CE9A63 /* AppDelegate.m in Sources */,
			);
			runOnlyForDeploymentPostprocessing = 0;
		};
/* End PBXSourcesBuildPhase section */

/* Begin PBXVariantGroup section */
		6653999920BFA1DD00CE9A63 /* Main.storyboard */ = {
			isa = PBXVariantGroup;
			children = (
				6653999A20BFA1DD00CE9A63 /* Base */,
			);
			name = Main.storyboard;
			sourceTree = "<group>";
		};
		6653999E20BFA1E000CE9A63 /* LaunchScreen.storyboard */ = {
			isa = PBXVariantGroup;
			children = (
				6653999F20BFA1E000CE9A63 /* Base */,
			);
			name = LaunchScreen.storyboard;
			sourceTree = "<group>";
		};
/* End PBXVariantGroup section */

/* Begin XCBuildConfiguration section */
		665399A420BFA1E000CE9A63 /* Debug */ = {
			isa = XCBuildConfiguration;
			buildSettings = {
				ALWAYS_SEARCH_USER_PATHS = NO;
				CLANG_ANALYZER_NONNULL = YES;
				CLANG_ANALYZER_NUMBER_OBJECT_CONVERSION = YES_AGGRESSIVE;
				CLANG_CXX_LANGUAGE_STANDARD = "gnu++14";
				CLANG_CXX_LIBRARY = "libc++";
				CLANG_ENABLE_MODULES = YES;
				CLANG_ENABLE_OBJC_ARC = YES;
				CLANG_ENABLE_OBJC_WEAK = YES;
				CLANG_WARN_BLOCK_CAPTURE_AUTORELEASING = YES;
				CLANG_WARN_BOOL_CONVERSION = YES;
				CLANG_WARN_COMMA = YES;
				CLANG_WARN_CONSTANT_CONVERSION = YES;
				CLANG_WARN_DEPRECATED_OBJC_IMPLEMENTATIONS = YES;
				CLANG_WARN_DIRECT_OBJC_ISA_USAGE = YES_ERROR;
				CLANG_WARN_DOCUMENTATION_COMMENTS = YES;
				CLANG_WARN_EMPTY_BODY = YES;
				CLANG_WARN_ENUM_CONVERSION = YES;
				CLANG_WARN_INFINITE_RECURSION = YES;
				CLANG_WARN_INT_CONVERSION = YES;
				CLANG_WARN_NON_LITERAL_NULL_CONVERSION = YES;
				CLANG_WARN_OBJC_IMPLICIT_RETAIN_SELF = YES;
				CLANG_WARN_OBJC_LITERAL_CONVERSION = YES;
				CLANG_WARN_OBJC_ROOT_CLASS = YES_ERROR;
				CLANG_WARN_RANGE_LOOP_ANALYSIS = YES;
				CLANG_WARN_STRICT_PROTOTYPES = YES;
				CLANG_WARN_SUSPICIOUS_MOVE = YES;
				CLANG_WARN_UNGUARDED_AVAILABILITY = YES_AGGRESSIVE;
				CLANG_WARN_UNREACHABLE_CODE = YES;
				CLANG_WARN__DUPLICATE_METHOD_MATCH = YES;
				CODE_SIGN_IDENTITY = "iPhone Developer";
				COPY_PHASE_STRIP = NO;
				DEBUG_INFORMATION_FORMAT = dwarf;
				ENABLE_STRICT_OBJC_MSGSEND = YES;
				ENABLE_TESTABILITY = YES;
				GCC_C_LANGUAGE_STANDARD = gnu11;
				GCC_DYNAMIC_NO_PIC = NO;
				GCC_NO_COMMON_BLOCKS = YES;
				GCC_OPTIMIZATION_LEVEL = 0;
				GCC_PREPROCESSOR_DEFINITIONS = (
					"DEBUG=1",
					"$(inherited)",
				);
				GCC_WARN_64_TO_32_BIT_CONVERSION = YES;
				GCC_WARN_ABOUT_RETURN_TYPE = YES_ERROR;
				GCC_WARN_UNDECLARED_SELECTOR = YES;
				GCC_WARN_UNINITIALIZED_AUTOS = YES_AGGRESSIVE;
				GCC_WARN_UNUSED_FUNCTION = YES;
				GCC_WARN_UNUSED_VARIABLE = YES;
				IPHONEOS_DEPLOYMENT_TARGET = 11.3;
				MTL_ENABLE_DEBUG_INFO = YES;
				ONLY_ACTIVE_ARCH = YES;
				SDKROOT = iphoneos;
			};
			name = Debug;
		};
		665399A520BFA1E000CE9A63 /* Release */ = {
			isa = XCBuildConfiguration;
			buildSettings = {
				ALWAYS_SEARCH_USER_PATHS = NO;
				CLANG_ANALYZER_NONNULL = YES;
				CLANG_ANALYZER_NUMBER_OBJECT_CONVERSION = YES_AGGRESSIVE;
				CLANG_CXX_LANGUAGE_STANDARD = "gnu++14";
				CLANG_CXX_LIBRARY = "libc++";
				CLANG_ENABLE_MODULES = YES;
				CLANG_ENABLE_OBJC_ARC = YES;
				CLANG_ENABLE_OBJC_WEAK = YES;
				CLANG_WARN_BLOCK_CAPTURE_AUTORELEASING = YES;
				CLANG_WARN_BOOL_CONVERSION = YES;
				CLANG_WARN_COMMA = YES;
				CLANG_WARN_CONSTANT_CONVERSION = YES;
				CLANG_WARN_DEPRECATED_OBJC_IMPLEMENTATIONS = YES;
				CLANG_WARN_DIRECT_OBJC_ISA_USAGE = YES_ERROR;
				CLANG_WARN_DOCUMENTATION_COMMENTS = YES;
				CLANG_WARN_EMPTY_BODY = YES;
				CLANG_WARN_ENUM_CONVERSION = YES;
				CLANG_WARN_INFINITE_RECURSION = YES;
				CLANG_WARN_INT_CONVERSION = YES;
				CLANG_WARN_NON_LITERAL_NULL_CONVERSION = YES;
				CLANG_WARN_OBJC_IMPLICIT_RETAIN_SELF = YES;
				CLANG_WARN_OBJC_LITERAL_CONVERSION = YES;
				CLANG_WARN_OBJC_ROOT_CLASS = YES_ERROR;
				CLANG_WARN_RANGE_LOOP_ANALYSIS = YES;
				CLANG_WARN_STRICT_PROTOTYPES = YES;
				CLANG_WARN_SUSPICIOUS_MOVE = YES;
				CLANG_WARN_UNGUARDED_AVAILABILITY = YES_AGGRESSIVE;
				CLANG_WARN_UNREACHABLE_CODE = YES;
				CLANG_WARN__DUPLICATE_METHOD_MATCH = YES;
				CODE_SIGN_IDENTITY = "iPhone Developer";
				COPY_PHASE_STRIP = NO;
				DEBUG_INFORMATION_FORMAT = "dwarf-with-dsym";
				ENABLE_NS_ASSERTIONS = NO;
				ENABLE_STRICT_OBJC_MSGSEND = YES;
				GCC_C_LANGUAGE_STANDARD = gnu11;
				GCC_NO_COMMON_BLOCKS = YES;
				GCC_WARN_64_TO_32_BIT_CONVERSION = YES;
				GCC_WARN_ABOUT_RETURN_TYPE = YES_ERROR;
				GCC_WARN_UNDECLARED_SELECTOR = YES;
				GCC_WARN_UNINITIALIZED_AUTOS = YES_AGGRESSIVE;
				GCC_WARN_UNUSED_FUNCTION = YES;
				GCC_WARN_UNUSED_VARIABLE = YES;
				IPHONEOS_DEPLOYMENT_TARGET = 11.3;
				MTL_ENABLE_DEBUG_INFO = NO;
				SDKROOT = iphoneos;
				VALIDATE_PRODUCT = YES;
			};
			name = Release;
		};
		665399A720BFA1E000CE9A63 /* Debug */ = {
			isa = XCBuildConfiguration;
			buildSettings = {
				ASSETCATALOG_COMPILER_APPICON_NAME = AppIcon;
				CODE_SIGN_STYLE = Automatic;
				INFOPLIST_FILE = testshare/Info.plist;
				LD_RUNPATH_SEARCH_PATHS = (
					"$(inherited)",
					"@executable_path/Frameworks",
				);
				PRODUCT_BUNDLE_IDENTIFIER = com.lisidi.testshare;
				PRODUCT_NAME = "$(TARGET_NAME)";
				TARGETED_DEVICE_FAMILY = "1,2";
			};
			name = Debug;
		};
		665399A820BFA1E000CE9A63 /* Release */ = {
			isa = XCBuildConfiguration;
			buildSettings = {
				ASSETCATALOG_COMPILER_APPICON_NAME = AppIcon;
				CODE_SIGN_STYLE = Automatic;
				INFOPLIST_FILE = testshare/Info.plist;
				LD_RUNPATH_SEARCH_PATHS = (
					"$(inherited)",
					"@executable_path/Frameworks",
				);
				PRODUCT_BUNDLE_IDENTIFIER = com.lisidi.testshare;
				PRODUCT_NAME = "$(TARGET_NAME)";
				TARGETED_DEVICE_FAMILY = "1,2";
			};
			name = Release;
		};
/* End XCBuildConfiguration section */

/* Begin XCConfigurationList section */
		6653998B20BFA1DD00CE9A63 /* Build configuration list for PBXProject "testshare" */ = {
			isa = XCConfigurationList;
			buildConfigurations = (
				665399A420BFA1E000CE9A63 /* Debug */,
				665399A520BFA1E000CE9A63 /* Release */,
			);
			defaultConfigurationIsVisible = 0;
			defaultConfigurationName = Release;
		};
		665399A620BFA1E000CE9A63 /* Build configuration list for PBXNativeTarget "testshare" */ = {
			isa = XCConfigurationList;
			buildConfigurations = (
				665399A720BFA1E000CE9A63 /* Debug */,
				665399A820BFA1E000CE9A63 /* Release */,
			);
			defaultConfigurationIsVisible = 0;
			defaultConfigurationName = Release;
		};
/* End XCConfigurationList section */
	};
	rootObject = 6653998820BFA1DD00CE9A63 /* Project object */;
}
